github.com/apenwarr/fixconsole v0.0.0-20191012055117-5a9f6489cc29 h1:muXWUcay7DDy1/hEQWrYlBy+g0EuwT70sBHg65SeUc4=
github.com/apenwarr/fixconsole v0.0.0-20191012055117-5a9f6489cc29/go.mod h1:JYWahgHer+Z2xbsgHPtaDYVWzeHDminu+YIBWkxpCAY=
github.com/apenwarr/w32 v0.0.0-20190407065021-aa00fece76ab h1:CMGzRRCjnD50RjUFSArBLuCxiDvdp7b8YPAcikBEQ+k=
github.com/apenwarr/w32 v0.0.0-20190407065021-aa00fece76ab/go.mod h1:nfFtvHn2Hgs9G1u0/J6LHQv//EksNC+7G8vXmd1VTJ8=
golang.org/x/sys v0.0.0-20190405154228-4b34438f7a67/go.mod h1:h1NjWce9XRLGQEsW7wpKNCjG9DtNlClVuFLEZdDNbEs=
golang.org/x/sys v0.0.0-20211106132015-ebca88c72f68 h1:Ywe/f3fNleF8I6F6qv3MeFoSZ6CTf2zBMMa/7qVML8M=
golang.org/x/sys v0.0.0-20211106132015-ebca88c72f68/go.mod h1:oPkhp1MJrh7nUepCBck5+mAzfO9JrbApNNgaTdGDITg=
